
Microsoft Visual Studio Solution File, Format Version 12.00
# Visual Studio Version 17
VisualStudioVersion = 17.11.35327.3
MinimumVisualStudioVersion = 10.0.40219.1
Project("{2150E333-8FDC-42A3-9474-1A3956D46DE8}") = "Applications", "Applications", "{BB61D310-A9BC-438C-95EF-F528E87228A8}"
EndProject
Project("{9A19103F-16F7-4668-BE54-9A1E7A4F7556}") = "SV21T1020599.Web", "SV21T1020599\SV21T1020599.Web.csproj", "{BA6AA98E-2EAF-46BA-BC67-CC9F84F582B2}"
EndProject
Project("{2150E333-8FDC-42A3-9474-1A3956D46DE8}") = "Libraries", "Libraries", "{82226470-4655-43DB-B9B1-F2D307A9906A}"
EndProject
Project("{9A19103F-16F7-4668-BE54-9A1E7A4F7556}") = "SV21T1020599.DomainModels", "SV21T1020599.DomainModels\SV21T1020599.DomainModels.csproj", "{07A632E5-EA15-47B9-9538-BB9BEAC7DF77}"
EndProject
Project("{9A19103F-16F7-4668-BE54-9A1E7A4F7556}") = "SV21T1020599.DataLayers", "SV21T1020599.DataLayers\SV21T1020599.DataLayers.csproj", "{1C10A592-A414-442E-AFA3-220899CDFD61}"
EndProject
Project("{9A19103F-16F7-4668-BE54-9A1E7A4F7556}") = "SV21T1020599.BusinessLayer", "SV21T1020599.BusinessLayer\SV21T1020599.BusinessLayer.csproj", "{F45E4083-EDD2-419A-B579-477723E83B0F}"
EndProject
Project("{FAE04EC0-301F-11D3-BF4B-00C04F79EFBC}") = "SV21T1020599.Shop", "SV21T1020599.Shop\SV21T1020599.Shop.csproj", "{3E026AE1-4CFB-4BCD-9F4A-5104A859C09E}"
EndProject
Global
	GlobalSection(SolutionConfigurationPlatforms) = preSolution
		Debug|Any CPU = Debug|Any CPU
		Release|Any CPU = Release|Any CPU
	EndGlobalSection
	GlobalSection(ProjectConfigurationPlatforms) = postSolution
		{BA6AA98E-2EAF-46BA-BC67-CC9F84F582B2}.Debug|Any CPU.ActiveCfg = Debug|Any CPU
		{BA6AA98E-2EAF-46BA-BC67-CC9F84F582B2}.Debug|Any CPU.Build.0 = Debug|Any CPU
		{BA6AA98E-2EAF-46BA-BC67-CC9F84F582B2}.Release|Any CPU.ActiveCfg = Release|Any CPU
		{BA6AA98E-2EAF-46BA-BC67-CC9F84F582B2}.Release|Any CPU.Build.0 = Release|Any CPU
		{07A632E5-EA15-47B9-9538-BB9BEAC7DF77}.Debug|Any CPU.ActiveCfg = Debug|Any CPU
		{07A632E5-EA15-47B9-9538-BB9BEAC7DF77}.Debug|Any CPU.Build.0 = Debug|Any CPU
		{07A632E5-EA15-47B9-9538-BB9BEAC7DF77}.Release|Any CPU.ActiveCfg = Release|Any CPU
		{07A632E5-EA15-47B9-9538-BB9BEAC7DF77}.Release|Any CPU.Build.0 = Release|Any CPU
		{1C10A592-A414-442E-AFA3-220899CDFD61}.Debug|Any CPU.ActiveCfg = Debug|Any CPU
		{1C10A592-A414-442E-AFA3-220899CDFD61}.Debug|Any CPU.Build.0 = Debug|Any CPU
		{1C10A592-A414-442E-AFA3-220899CDFD61}.Release|Any CPU.ActiveCfg = Release|Any CPU
		{1C10A592-A414-442E-AFA3-220899CDFD61}.Release|Any CPU.Build.0 = Release|Any CPU
		{F45E4083-EDD2-419A-B579-477723E83B0F}.Debug|Any CPU.ActiveCfg = Debug|Any CPU
		{F45E4083-EDD2-419A-B579-477723E83B0F}.Debug|Any CPU.Build.0 = Debug|Any CPU
		{F45E4083-EDD2-419A-B579-477723E83B0F}.Release|Any CPU.ActiveCfg = Release|Any CPU
		{F45E4083-EDD2-419A-B579-477723E83B0F}.Release|Any CPU.Build.0 = Release|Any CPU
		{3E026AE1-4CFB-4BCD-9F4A-5104A859C09E}.Debug|Any CPU.ActiveCfg = Debug|Any CPU
		{3E026AE1-4CFB-4BCD-9F4A-5104A859C09E}.Debug|Any CPU.Build.0 = Debug|Any CPU
		{3E026AE1-4CFB-4BCD-9F4A-5104A859C09E}.Release|Any CPU.ActiveCfg = Release|Any CPU
		{3E026AE1-4CFB-4BCD-9F4A-5104A859C09E}.Release|Any CPU.Build.0 = Release|Any CPU
	EndGlobalSection
	GlobalSection(SolutionProperties) = preSolution
		HideSolutionNode = FALSE
	EndGlobalSection
	GlobalSection(NestedProjects) = preSolution
		{BA6AA98E-2EAF-46BA-BC67-CC9F84F582B2} = {BB61D310-A9BC-438C-95EF-F528E87228A8}
		{07A632E5-EA15-47B9-9538-BB9BEAC7DF77} = {82226470-4655-43DB-B9B1-F2D307A9906A}
		{1C10A592-A414-442E-AFA3-220899CDFD61} = {82226470-4655-43DB-B9B1-F2D307A9906A}
		{F45E4083-EDD2-419A-B579-477723E83B0F} = {82226470-4655-43DB-B9B1-F2D307A9906A}
		{3E026AE1-4CFB-4BCD-9F4A-5104A859C09E} = {BB61D310-A9BC-438C-95EF-F528E87228A8}
	EndGlobalSection
	GlobalSection(ExtensibilityGlobals) = postSolution
		SolutionGuid = {6B1E2636-51D5-4596-95E5-6400168634B0}
	EndGlobalSection
EndGlobal
